# THIS IS AN AUTOGENERATED FILE. DO NOT EDIT THIS FILE DIRECTLY.
# yarn lockfile v1


clsx@^2.1.1:
  version "2.1.1"
  resolved "https://registry.yarnpkg.com/clsx/-/clsx-2.1.1.tgz#eed397c9fd8bd882bfb18deab7102049a2f32999"
  integrity sha512-eYm0QWBtUrBWZWG0d386OGAw16Z995PiOVo2B7bjWSbHedGl5e0ZWaq65kOGgUSNesEIDkB9ISbTg/JK9dhCZA==

react-toastify@^11.0.5:
  version "11.0.5"
  resolved "https://registry.yarnpkg.com/react-toastify/-/react-toastify-11.0.5.tgz#ce4c42d10eeb433988ab2264d3e445c4e9d13313"
  integrity sha512-EpqHBGvnSTtHYhCPLxML05NLY2ZX0JURbAdNYa6BUkk+amz4wbKBQvoKQAB0ardvSarUBuY4Q4s1sluAzZwkmA==
  dependencies:
    clsx "^2.1.1"

zod@^4.1.5:
  version "4.1.5"
  resolved "https://registry.yarnpkg.com/zod/-/zod-4.1.5.tgz#7a21fc3178928ede50a28f7d0db4414c4cdb0161"
  integrity sha512-rcUUZqlLJgBC33IT3PNMgsCq6TzLQEG/Ei/KTCU0PedSWRMAXoOUN+4t/0H+Q8bdnLPdqUYnvboJT0bn/229qg==

zustand@^5.0.8:
  version "5.0.8"
  resolved "https://registry.yarnpkg.com/zustand/-/zustand-5.0.8.tgz#b998a0c088c7027a20f2709141a91cb07ac57f8a"
  integrity sha512-gyPKpIaxY9XcO2vSMrLbiER7QMAMGOQZVRdJ6Zi782jkbzZygq5GI9nG8g+sMgitRtndwaBSl7uiqC49o1SSiw==
